
Microsoft Visual Studio Solution File, Format Version 12.00
# Visual Studio Version 17
VisualStudioVersion = 17.4.33205.214
MinimumVisualStudioVersion = 10.0.40219.1
Project("{FAE04EC0-301F-11D3-BF4B-00C04F79EFBC}") = "GUI", "QuanLyQuanCaFe\GUI.csproj", "{C1987210-E899-4954-AE59-40FC02066898}"
EndProject
Project("{FAE04EC0-301F-11D3-BF4B-00C04F79EFBC}") = "DTO", "DTO\DTO.csproj", "{39A327D3-346F-463C-B325-491FDE9D808C}"
EndProject
Project("{FAE04EC0-301F-11D3-BF4B-00C04F79EFBC}") = "DAL", "DAL\DAL.csproj", "{E946A4C4-E238-43A0-9139-3F414F563F1F}"
EndProject
Project("{FAE04EC0-301F-11D3-BF4B-00C04F79EFBC}") = "BUS", "BUS\BUS.csproj", "{326B1728-6C57-4B79-9A56-B09113B71873}"
EndProject
Global
	GlobalSection(SolutionConfigurationPlatforms) = preSolution
		Debug|Any CPU = Debug|Any CPU
		Release|Any CPU = Release|Any CPU
	EndGlobalSection
	GlobalSection(ProjectConfigurationPlatforms) = postSolution
		{C1987210-E899-4954-AE59-40FC02066898}.Debug|Any CPU.ActiveCfg = Debug|Any CPU
		{C1987210-E899-4954-AE59-40FC02066898}.Debug|Any CPU.Build.0 = Debug|Any CPU
		{C1987210-E899-4954-AE59-40FC02066898}.Release|Any CPU.ActiveCfg = Release|Any CPU
		{C1987210-E899-4954-AE59-40FC02066898}.Release|Any CPU.Build.0 = Release|Any CPU
		{39A327D3-346F-463C-B325-491FDE9D808C}.Debug|Any CPU.ActiveCfg = Debug|Any CPU
		{39A327D3-346F-463C-B325-491FDE9D808C}.Debug|Any CPU.Build.0 = Debug|Any CPU
		{39A327D3-346F-463C-B325-491FDE9D808C}.Release|Any CPU.ActiveCfg = Release|Any CPU
		{39A327D3-346F-463C-B325-491FDE9D808C}.Release|Any CPU.Build.0 = Release|Any CPU
		{E946A4C4-E238-43A0-9139-3F414F563F1F}.Debug|Any CPU.ActiveCfg = Debug|Any CPU
		{E946A4C4-E238-43A0-9139-3F414F563F1F}.Debug|Any CPU.Build.0 = Debug|Any CPU
		{E946A4C4-E238-43A0-9139-3F414F563F1F}.Release|Any CPU.ActiveCfg = Release|Any CPU
		{E946A4C4-E238-43A0-9139-3F414F563F1F}.Release|Any CPU.Build.0 = Release|Any CPU
		{326B1728-6C57-4B79-9A56-B09113B71873}.Debug|Any CPU.ActiveCfg = Debug|Any CPU
		{326B1728-6C57-4B79-9A56-B09113B71873}.Debug|Any CPU.Build.0 = Debug|Any CPU
		{326B1728-6C57-4B79-9A56-B09113B71873}.Release|Any CPU.ActiveCfg = Release|Any CPU
		{326B1728-6C57-4B79-9A56-B09113B71873}.Release|Any CPU.Build.0 = Release|Any CPU
	EndGlobalSection
	GlobalSection(SolutionProperties) = preSolution
		HideSolutionNode = FALSE
	EndGlobalSection
	GlobalSection(ExtensibilityGlobals) = postSolution
		SolutionGuid = {12E0FE01-7569-4DAB-85DD-989AC59A355A}
	EndGlobalSection
EndGlobal
